// !$*UTF8*$!
{
	archiveVersion = 1;
	classes = {
	};
	objectVersion = 56;
	objects = {

/* Begin PBXBuildFile section */
		DAE2908C2A98EF2D004DDA9D /* AppDelegate.swift in Sources */ = {isa = PBXBuildFile; fileRef = DAE2908B2A98EF2D004DDA9D /* AppDelegate.swift */; };
		DAE2908E2A98EF2D004DDA9D /* SceneDelegate.swift in Sources */ = {isa = PBXBuildFile; fileRef = DAE2908D2A98EF2D004DDA9D /* SceneDelegate.swift */; };
		DAE290902A98EF2D004DDA9D /* ViewController.swift in Sources */ = {isa = PBXBuildFile; fileRef = DAE2908F2A98EF2D004DDA9D /* ViewController.swift */; };
		DAE290932A98EF2D004DDA9D /* Main.storyboard in Resources */ = {isa = PBXBuildFile; fileRef = DAE290912A98EF2D004DDA9D /* Main.storyboard */; };
		DAE290962A98EF2D004DDA9D /* character_select.xcdatamodeld in Sources */ = {isa = PBXBuildFile; fileRef = DAE290942A98EF2D004DDA9D /* character_select.xcdatamodeld */; };
		DAE290982A98EF2E004DDA9D /* Assets.xcassets in Resources */ = {isa = PBXBuildFile; fileRef = DAE290972A98EF2E004DDA9D /* Assets.xcassets */; };
		DAE2909B2A98EF2E004DDA9D /* LaunchScreen.storyboard in Resources */ = {isa = PBXBuildFile; fileRef = DAE290992A98EF2E004DDA9D /* LaunchScreen.storyboard */; };
		DAE290A62A98EF2E004DDA9D /* character_selectTests.swift in Sources */ = {isa = PBXBuildFile; fileRef = DAE290A52A98EF2E004DDA9D /* character_selectTests.swift */; };
		DAE290B02A98EF2E004DDA9D /* character_selectUITests.swift in Sources */ = {isa = PBXBuildFile; fileRef = DAE290AF2A98EF2E004DDA9D /* character_selectUITests.swift */; };
		DAE290B22A98EF2E004DDA9D /* character_selectUITestsLaunchTests.swift in Sources */ = {isa = PBXBuildFile; fileRef = DAE290B12A98EF2E004DDA9D /* character_selectUITestsLaunchTests.swift */; };
/* End PBXBuildFile section */

/* Begin PBXContainerItemProxy section */
		DAE290A22A98EF2E004DDA9D /* PBXContainerItemProxy */ = {
			isa = PBXContainerItemProxy;
			containerPortal = DAE290802A98EF2D004DDA9D /* Project object */;
			proxyType = 1;
			remoteGlobalIDString = DAE290872A98EF2D004DDA9D;
			remoteInfo = "character select";
		};
		DAE290AC2A98EF2E004DDA9D /* PBXContainerItemProxy */ = {
			isa = PBXContainerItemProxy;
			containerPortal = DAE290802A98EF2D004DDA9D /* Project object */;
			proxyType = 1;
			remoteGlobalIDString = DAE290872A98EF2D004DDA9D;
			remoteInfo = "character select";
		};
/* End PBXContainerItemProxy section */

/* Begin PBXFileReference section */
		DAE290882A98EF2D004DDA9D /* character select.app */ = {isa = PBXFileReference; explicitFileType = wrapper.application; includeInIndex = 0; path = "character select.app"; sourceTree = BUILT_PRODUCTS_DIR; };
		DAE2908B2A98EF2D004DDA9D /* AppDelegate.swift */ = {isa = PBXFileReference; lastKnownFileType = sourcecode.swift; path = AppDelegate.swift; sourceTree = "<group>"; };
		DAE2908D2A98EF2D004DDA9D /* SceneDelegate.swift */ = {isa = PBXFileReference; lastKnownFileType = sourcecode.swift; path = SceneDelegate.swift; sourceTree = "<group>"; };
		DAE2908F2A98EF2D004DDA9D /* ViewController.swift */ = {isa = PBXFileReference; lastKnownFileType = sourcecode.swift; path = ViewController.swift; sourceTree = "<group>"; };
		DAE290922A98EF2D004DDA9D /* Base */ = {isa = PBXFileReference; lastKnownFileType = file.storyboard; name = Base; path = Base.lproj/Main.storyboard; sourceTree = "<group>"; };
		DAE290952A98EF2D004DDA9D /* character_select.xcdatamodel */ = {isa = PBXFileReference; lastKnownFileType = wrapper.xcdatamodel; path = character_select.xcdatamodel; sourceTree = "<group>"; };
		DAE290972A98EF2E004DDA9D /* Assets.xcassets */ = {isa = PBXFileReference; lastKnownFileType = folder.assetcatalog; path = Assets.xcassets; sourceTree = "<group>"; };
		DAE2909A2A98EF2E004DDA9D /* Base */ = {isa = PBXFileReference; lastKnownFileType = file.storyboard; name = Base; path = Base.lproj/LaunchScreen.storyboard; sourceTree = "<group>"; };
		DAE2909C2A98EF2E004DDA9D /* Info.plist */ = {isa = PBXFileReference; lastKnownFileType = text.plist.xml; path = Info.plist; sourceTree = "<group>"; };
		DAE290A12A98EF2E004DDA9D /* character selectTests.xctest */ = {isa = PBXFileReference; explicitFileType = wrapper.cfbundle; includeInIndex = 0; path = "character selectTests.xctest"; sourceTree = BUILT_PRODUCTS_DIR; };
		DAE290A52A98EF2E004DDA9D /* character_selectTests.swift */ = {isa = PBXFileReference; lastKnownFileType = sourcecode.swift; path = character_selectTests.swift; sourceTree = "<group>"; };
		DAE290AB2A98EF2E004DDA9D /* character selectUITests.xctest */ = {isa = PBXFileReference; explicitFileType = wrapper.cfbundle; includeInIndex = 0; path = "character selectUITests.xctest"; sourceTree = BUILT_PRODUCTS_DIR; };
		DAE290AF2A98EF2E004DDA9D /* character_selectUITests.swift */ = {isa = PBXFileReference; lastKnownFileType = sourcecode.swift; path = character_selectUITests.swift; sourceTree = "<group>"; };
		DAE290B12A98EF2E004DDA9D /* character_selectUITestsLaunchTests.swift */ = {isa = PBXFileReference; lastKnownFileType = sourcecode.swift; path = character_selectUITestsLaunchTests.swift; sourceTree = "<group>"; };
/* End PBXFileReference section */

/* Begin PBXFrameworksBuildPhase section */
		DAE290852A98EF2D004DDA9D /* Frameworks */ = {
			isa = PBXFrameworksBuildPhase;
			buildActionMask = 2147483647;
			files = (
			);
			runOnlyForDeploymentPostprocessing = 0;
		};
		DAE2909E2A98EF2E004DDA9D /* Frameworks */ = {
			isa = PBXFrameworksBuildPhase;
			buildActionMask = 2147483647;
			files = (
			);
			runOnlyForDeploymentPostprocessing = 0;
		};
		DAE290A82A98EF2E004DDA9D /* Frameworks */ = {
			isa = PBXFrameworksBuildPhase;
			buildActionMask = 2147483647;
			files = (
			);
			runOnlyForDeploymentPostprocessing = 0;
		};
/* End PBXFrameworksBuildPhase section */

/* Begin PBXGroup section */
		DAE2907F2A98EF2D004DDA9D = {
			isa = PBXGroup;
			children = (
				DAE2908A2A98EF2D004DDA9D /* character select */,
				DAE290A42A98EF2E004DDA9D /* character selectTests */,
				DAE290AE2A98EF2E004DDA9D /* character selectUITests */,
				DAE290892A98EF2D004DDA9D /* Products */,
			);
			sourceTree = "<group>";
		};
		DAE290892A98EF2D004DDA9D /* Products */ = {
			isa = PBXGroup;
			children = (
				DAE290882A98EF2D004DDA9D /* character select.app */,
				DAE290A12A98EF2E004DDA9D /* character selectTests.xctest */,
				DAE290AB2A98EF2E004DDA9D /* character selectUITests.xctest */,
			);
			name = Products;
			sourceTree = "<group>";
		};
		DAE2908A2A98EF2D004DDA9D /* character select */ = {
			isa = PBXGroup;
			children = (
				DAE2908B2A98EF2D004DDA9D /* AppDelegate.swift */,
				DAE2908D2A98EF2D004DDA9D /* SceneDelegate.swift */,
				DAE2908F2A98EF2D004DDA9D /* ViewController.swift */,
				DAE290912A98EF2D004DDA9D /* Main.storyboard */,
				DAE290972A98EF2E004DDA9D /* Assets.xcassets */,
				DAE290992A98EF2E004DDA9D /* LaunchScreen.storyboard */,
				DAE2909C2A98EF2E004DDA9D /* Info.plist */,
				DAE290942A98EF2D004DDA9D /* character_select.xcdatamodeld */,
			);
			path = "character select";
			sourceTree = "<group>";
		};
		DAE290A42A98EF2E004DDA9D /* character selectTests */ = {
			isa = PBXGroup;
			children = (
				DAE290A52A98EF2E004DDA9D /* character_selectTests.swift */,
			);
			path = "character selectTests";
			sourceTree = "<group>";
		};
		DAE290AE2A98EF2E004DDA9D /* character selectUITests */ = {
			isa = PBXGroup;
			children = (
				DAE290AF2A98EF2E004DDA9D /* character_selectUITests.swift */,
				DAE290B12A98EF2E004DDA9D /* character_selectUITestsLaunchTests.swift */,
			);
			path = "character selectUITests";
			sourceTree = "<group>";
		};
/* End PBXGroup section */

/* Begin PBXNativeTarget section */
		DAE290872A98EF2D004DDA9D /* character select */ = {
			isa = PBXNativeTarget;
			buildConfigurationList = DAE290B52A98EF2E004DDA9D /* Build configuration list for PBXNativeTarget "character select" */;
			buildPhases = (
				DAE290842A98EF2D004DDA9D /* Sources */,
				DAE290852A98EF2D004DDA9D /* Frameworks */,
				DAE290862A98EF2D004DDA9D /* Resources */,
			);
			buildRules = (
			);
			dependencies = (
			);
			name = "character select";
			productName = "character select";
			productReference = DAE290882A98EF2D004DDA9D /* character select.app */;
			productType = "com.apple.product-type.application";
		};
		DAE290A02A98EF2E004DDA9D /* character selectTests */ = {
			isa = PBXNativeTarget;
			buildConfigurationList = DAE290B82A98EF2E004DDA9D /* Build configuration list for PBXNativeTarget "character selectTests" */;
			buildPhases = (
				DAE2909D2A98EF2E004DDA9D /* Sources */,
				DAE2909E2A98EF2E004DDA9D /* Frameworks */,
				DAE2909F2A98EF2E004DDA9D /* Resources */,
			);
			buildRules = (
			);
			dependencies = (
				DAE290A32A98EF2E004DDA9D /* PBXTargetDependency */,
			);
			name = "character selectTests";
			productName = "character selectTests";
			productReference = DAE290A12A98EF2E004DDA9D /* character selectTests.xctest */;
			productType = "com.apple.product-type.bundle.unit-test";
		};
		DAE290AA2A98EF2E004DDA9D /* character selectUITests */ = {
			isa = PBXNativeTarget;
			buildConfigurationList = DAE290BB2A98EF2E004DDA9D /* Build configuration list for PBXNativeTarget "character selectUITests" */;
			buildPhases = (
				DAE290A72A98EF2E004DDA9D /* Sources */,
				DAE290A82A98EF2E004DDA9D /* Frameworks */,
				DAE290A92A98EF2E004DDA9D /* Resources */,
			);
			buildRules = (
			);
			dependencies = (
				DAE290AD2A98EF2E004DDA9D /* PBXTargetDependency */,
			);
			name = "character selectUITests";
			productName = "character selectUITests";
			productReference = DAE290AB2A98EF2E004DDA9D /* character selectUITests.xctest */;
			productType = "com.apple.product-type.bundle.ui-testing";
		};
/* End PBXNativeTarget section */

/* Begin PBXProject section */
		DAE290802A98EF2D004DDA9D /* Project object */ = {
			isa = PBXProject;
			attributes = {
				BuildIndependentTargetsInParallel = 1;
				LastSwiftUpdateCheck = 1430;
				LastUpgradeCheck = 1430;
				TargetAttributes = {
					DAE290872A98EF2D004DDA9D = {
						CreatedOnToolsVersion = 14.3.1;
					};
					DAE290A02A98EF2E004DDA9D = {
						CreatedOnToolsVersion = 14.3.1;
						TestTargetID = DAE290872A98EF2D004DDA9D;
					};
					DAE290AA2A98EF2E004DDA9D = {
						CreatedOnToolsVersion = 14.3.1;
						TestTargetID = DAE290872A98EF2D004DDA9D;
					};
				};
			};
			buildConfigurationList = DAE290832A98EF2D004DDA9D /* Build configuration list for PBXProject "character select" */;
			compatibilityVersion = "Xcode 14.0";
			developmentRegion = en;
			hasScannedForEncodings = 0;
			knownRegions = (
				en,
				Base,
			);
			mainGroup = DAE2907F2A98EF2D004DDA9D;
			productRefGroup = DAE290892A98EF2D004DDA9D /* Products */;
			projectDirPath = "";
			projectRoot = "";
			targets = (
				DAE290872A98EF2D004DDA9D /* character select */,
				DAE290A02A98EF2E004DDA9D /* character selectTests */,
				DAE290AA2A98EF2E004DDA9D /* character selectUITests */,
			);
		};
/* End PBXProject section */

/* Begin PBXResourcesBuildPhase section */
		DAE290862A98EF2D004DDA9D /* Resources */ = {
			isa = PBXResourcesBuildPhase;
			buildActionMask = 2147483647;
			files = (
				DAE2909B2A98EF2E004DDA9D /* LaunchScreen.storyboard in Resources */,
				DAE290982A98EF2E004DDA9D /* Assets.xcassets in Resources */,
				DAE290932A98EF2D004DDA9D /* Main.storyboard in Resources */,
			);
			runOnlyForDeploymentPostprocessing = 0;
		};
		DAE2909F2A98EF2E004DDA9D /* Resources */ = {
			isa = PBXResourcesBuildPhase;
			buildActionMask = 2147483647;
			files = (
			);
			runOnlyForDeploymentPostprocessing = 0;
		};
		DAE290A92A98EF2E004DDA9D /* Resources */ = {
			isa = PBXResourcesBuildPhase;
			buildActionMask = 2147483647;
			files = (
			);
			runOnlyForDeploymentPostprocessing = 0;
		};
/* End PBXResourcesBuildPhase section */

/* Begin PBXSourcesBuildPhase section */
		DAE290842A98EF2D004DDA9D /* Sources */ = {
			isa = PBXSourcesBuildPhase;
			buildActionMask = 2147483647;
			files = (
				DAE290902A98EF2D004DDA9D /* ViewController.swift in Sources */,
				DAE290962A98EF2D004DDA9D /* character_select.xcdatamodeld in Sources */,
				DAE2908C2A98EF2D004DDA9D /* AppDelegate.swift in Sources */,
				DAE2908E2A98EF2D004DDA9D /* SceneDelegate.swift in Sources */,
			);
			runOnlyForDeploymentPostprocessing = 0;
		};
		DAE2909D2A98EF2E004DDA9D /* Sources */ = {
			isa = PBXSourcesBuildPhase;
			buildActionMask = 2147483647;
			files = (
				DAE290A62A98EF2E004DDA9D /* character_selectTests.swift in Sources */,
			);
			runOnlyForDeploymentPostprocessing = 0;
		};
		DAE290A72A98EF2E004DDA9D /* Sources */ = {
			isa = PBXSourcesBuildPhase;
			buildActionMask = 2147483647;
			files = (
				DAE290B22A98EF2E004DDA9D /* character_selectUITestsLaunchTests.swift in Sources */,
				DAE290B02A98EF2E004DDA9D /* character_selectUITests.swift in Sources */,
			);
			runOnlyForDeploymentPostprocessing = 0;
		};
/* End PBXSourcesBuildPhase section */

/* Begin PBXTargetDependency section */
		DAE290A32A98EF2E004DDA9D /* PBXTargetDependency */ = {
			isa = PBXTargetDependency;
			target = DAE290872A98EF2D004DDA9D /* character select */;
			targetProxy = DAE290A22A98EF2E004DDA9D /* PBXContainerItemProxy */;
		};
		DAE290AD2A98EF2E004DDA9D /* PBXTargetDependency */ = {
			isa = PBXTargetDependency;
			target = DAE290872A98EF2D004DDA9D /* character select */;
			targetProxy = DAE290AC2A98EF2E004DDA9D /* PBXContainerItemProxy */;
		};
/* End PBXTargetDependency section */

/* Begin PBXVariantGroup section */
		DAE290912A98EF2D004DDA9D /* Main.storyboard */ = {
			isa = PBXVariantGroup;
			children = (
				DAE290922A98EF2D004DDA9D /* Base */,
			);
			name = Main.storyboard;
			sourceTree = "<group>";
		};
		DAE290992A98EF2E004DDA9D /* LaunchScreen.storyboard */ = {
			isa = PBXVariantGroup;
			children = (
				DAE2909A2A98EF2E004DDA9D /* Base */,
			);
			name = LaunchScreen.storyboard;
			sourceTree = "<group>";
		};
/* End PBXVariantGroup section */

/* Begin XCBuildConfiguration section */
		DAE290B32A98EF2E004DDA9D /* Debug */ = {
			isa = XCBuildConfiguration;
			buildSettings = {
				ALWAYS_SEARCH_USER_PATHS = NO;
				CLANG_ANALYZER_NONNULL = YES;
				CLANG_ANALYZER_NUMBER_OBJECT_CONVERSION = YES_AGGRESSIVE;
				CLANG_CXX_LANGUAGE_STANDARD = "gnu++20";
				CLANG_ENABLE_MODULES = YES;
				CLANG_ENABLE_OBJC_ARC = YES;
				CLANG_ENABLE_OBJC_WEAK = YES;
				CLANG_WARN_BLOCK_CAPTURE_AUTORELEASING = YES;
				CLANG_WARN_BOOL_CONVERSION = YES;
				CLANG_WARN_COMMA = YES;
				CLANG_WARN_CONSTANT_CONVERSION = YES;
				CLANG_WARN_DEPRECATED_OBJC_IMPLEMENTATIONS = YES;
				CLANG_WARN_DIRECT_OBJC_ISA_USAGE = YES_ERROR;
				CLANG_WARN_DOCUMENTATION_COMMENTS = YES;
				CLANG_WARN_EMPTY_BODY = YES;
				CLANG_WARN_ENUM_CONVERSION = YES;
				CLANG_WARN_INFINITE_RECURSION = YES;
				CLANG_WARN_INT_CONVERSION = YES;
				CLANG_WARN_NON_LITERAL_NULL_CONVERSION = YES;
				CLANG_WARN_OBJC_IMPLICIT_RETAIN_SELF = YES;
				CLANG_WARN_OBJC_LITERAL_CONVERSION = YES;
				CLANG_WARN_OBJC_ROOT_CLASS = YES_ERROR;
				CLANG_WARN_QUOTED_INCLUDE_IN_FRAMEWORK_HEADER = YES;
				CLANG_WARN_RANGE_LOOP_ANALYSIS = YES;
				CLANG_WARN_STRICT_PROTOTYPES = YES;
				CLANG_WARN_SUSPICIOUS_MOVE = YES;
				CLANG_WARN_UNGUARDED_AVAILABILITY = YES_AGGRESSIVE;
				CLANG_WARN_UNREACHABLE_CODE = YES;
				CLANG_WARN__DUPLICATE_METHOD_MATCH = YES;
				COPY_PHASE_STRIP = NO;
				DEBUG_INFORMATION_FORMAT = dwarf;
				ENABLE_STRICT_OBJC_MSGSEND = YES;
				ENABLE_TESTABILITY = YES;
				GCC_C_LANGUAGE_STANDARD = gnu11;
				GCC_DYNAMIC_NO_PIC = NO;
				GCC_NO_COMMON_BLOCKS = YES;
				GCC_OPTIMIZATION_LEVEL = 0;
				GCC_PREPROCESSOR_DEFINITIONS = (
					"DEBUG=1",
					"$(inherited)",
				);
				GCC_WARN_64_TO_32_BIT_CONVERSION = YES;
				GCC_WARN_ABOUT_RETURN_TYPE = YES_ERROR;
				GCC_WARN_UNDECLARED_SELECTOR = YES;
				GCC_WARN_UNINITIALIZED_AUTOS = YES_AGGRESSIVE;
				GCC_WARN_UNUSED_FUNCTION = YES;
				GCC_WARN_UNUSED_VARIABLE = YES;
				IPHONEOS_DEPLOYMENT_TARGET = 16.4;
				MTL_ENABLE_DEBUG_INFO = INCLUDE_SOURCE;
				MTL_FAST_MATH = YES;
				ONLY_ACTIVE_ARCH = YES;
				SDKROOT = iphoneos;
				SWIFT_ACTIVE_COMPILATION_CONDITIONS = DEBUG;
				SWIFT_OPTIMIZATION_LEVEL = "-Onone";
			};
			name = Debug;
		};
		DAE290B42A98EF2E004DDA9D /* Release */ = {
			isa = XCBuildConfiguration;
			buildSettings = {
				ALWAYS_SEARCH_USER_PATHS = NO;
				CLANG_ANALYZER_NONNULL = YES;
				CLANG_ANALYZER_NUMBER_OBJECT_CONVERSION = YES_AGGRESSIVE;
				CLANG_CXX_LANGUAGE_STANDARD = "gnu++20";
				CLANG_ENABLE_MODULES = YES;
				CLANG_ENABLE_OBJC_ARC = YES;
				CLANG_ENABLE_OBJC_WEAK = YES;
				CLANG_WARN_BLOCK_CAPTURE_AUTORELEASING = YES;
				CLANG_WARN_BOOL_CONVERSION = YES;
				CLANG_WARN_COMMA = YES;
				CLANG_WARN_CONSTANT_CONVERSION = YES;
				CLANG_WARN_DEPRECATED_OBJC_IMPLEMENTATIONS = YES;
				CLANG_WARN_DIRECT_OBJC_ISA_USAGE = YES_ERROR;
				CLANG_WARN_DOCUMENTATION_COMMENTS = YES;
				CLANG_WARN_EMPTY_BODY = YES;
				CLANG_WARN_ENUM_CONVERSION = YES;
				CLANG_WARN_INFINITE_RECURSION = YES;
				CLANG_WARN_INT_CONVERSION = YES;
				CLANG_WARN_NON_LITERAL_NULL_CONVERSION = YES;
				CLANG_WARN_OBJC_IMPLICIT_RETAIN_SELF = YES;
				CLANG_WARN_OBJC_LITERAL_CONVERSION = YES;
				CLANG_WARN_OBJC_ROOT_CLASS = YES_ERROR;
				CLANG_WARN_QUOTED_INCLUDE_IN_FRAMEWORK_HEADER = YES;
				CLANG_WARN_RANGE_LOOP_ANALYSIS = YES;
				CLANG_WARN_STRICT_PROTOTYPES = YES;
				CLANG_WARN_SUSPICIOUS_MOVE = YES;
				CLANG_WARN_UNGUARDED_AVAILABILITY = YES_AGGRESSIVE;
				CLANG_WARN_UNREACHABLE_CODE = YES;
				CLANG_WARN__DUPLICATE_METHOD_MATCH = YES;
				COPY_PHASE_STRIP = NO;
				DEBUG_INFORMATION_FORMAT = "dwarf-with-dsym";
				ENABLE_NS_ASSERTIONS = NO;
				ENABLE_STRICT_OBJC_MSGSEND = YES;
				GCC_C_LANGUAGE_STANDARD = gnu11;
				GCC_NO_COMMON_BLOCKS = YES;
				GCC_WARN_64_TO_32_BIT_CONVERSION = YES;
				GCC_WARN_ABOUT_RETURN_TYPE = YES_ERROR;
				GCC_WARN_UNDECLARED_SELECTOR = YES;
				GCC_WARN_UNINITIALIZED_AUTOS = YES_AGGRESSIVE;
				GCC_WARN_UNUSED_FUNCTION = YES;
				GCC_WARN_UNUSED_VARIABLE = YES;
				IPHONEOS_DEPLOYMENT_TARGET = 16.4;
				MTL_ENABLE_DEBUG_INFO = NO;
				MTL_FAST_MATH = YES;
				SDKROOT = iphoneos;
				SWIFT_COMPILATION_MODE = wholemodule;
				SWIFT_OPTIMIZATION_LEVEL = "-O";
				VALIDATE_PRODUCT = YES;
			};
			name = Release;
		};
		DAE290B62A98EF2E004DDA9D /* Debug */ = {
			isa = XCBuildConfiguration;
			buildSettings = {
				ASSETCATALOG_COMPILER_APPICON_NAME = AppIcon;
				ASSETCATALOG_COMPILER_GLOBAL_ACCENT_COLOR_NAME = AccentColor;
				CODE_SIGN_STYLE = Automatic;
				CURRENT_PROJECT_VERSION = 1;
				GENERATE_INFOPLIST_FILE = YES;
				INFOPLIST_FILE = "character select/Info.plist";
				INFOPLIST_KEY_UIApplicationSupportsIndirectInputEvents = YES;
				INFOPLIST_KEY_UILaunchStoryboardName = LaunchScreen;
				INFOPLIST_KEY_UIMainStoryboardFile = Main;
				INFOPLIST_KEY_UISupportedInterfaceOrientations_iPad = "UIInterfaceOrientationPortrait UIInterfaceOrientationPortraitUpsideDown UIInterfaceOrientationLandscapeLeft UIInterfaceOrientationLandscapeRight";
				INFOPLIST_KEY_UISupportedInterfaceOrientations_iPhone = "UIInterfaceOrientationPortrait UIInterfaceOrientationLandscapeLeft UIInterfaceOrientationLandscapeRight";
				LD_RUNPATH_SEARCH_PATHS = (
					"$(inherited)",
					"@executable_path/Frameworks",
				);
				MARKETING_VERSION = 1.0;
				PRODUCT_BUNDLE_IDENTIFIER = "clc.character-select";
				PRODUCT_NAME = "$(TARGET_NAME)";
				SWIFT_EMIT_LOC_STRINGS = YES;
				SWIFT_VERSION = 5.0;
				TARGETED_DEVICE_FAMILY = "1,2";
			};
			name = Debug;
		};
		DAE290B72A98EF2E004DDA9D /* Release */ = {
			isa = XCBuildConfiguration;
			buildSettings = {
				ASSETCATALOG_COMPILER_APPICON_NAME = AppIcon;
				ASSETCATALOG_COMPILER_GLOBAL_ACCENT_COLOR_NAME = AccentColor;
				CODE_SIGN_STYLE = Automatic;
				CURRENT_PROJECT_VERSION = 1;
				GENERATE_INFOPLIST_FILE = YES;
				INFOPLIST_FILE = "character select/Info.plist";
				INFOPLIST_KEY_UIApplicationSupportsIndirectInputEvents = YES;
				INFOPLIST_KEY_UILaunchStoryboardName = LaunchScreen;
				INFOPLIST_KEY_UIMainStoryboardFile = Main;
				INFOPLIST_KEY_UISupportedInterfaceOrientations_iPad = "UIInterfaceOrientationPortrait UIInterfaceOrientationPortraitUpsideDown UIInterfaceOrientationLandscapeLeft UIInterfaceOrientationLandscapeRight";
				INFOPLIST_KEY_UISupportedInterfaceOrientations_iPhone = "UIInterfaceOrientationPortrait UIInterfaceOrientationLandscapeLeft UIInterfaceOrientationLandscapeRight";
				LD_RUNPATH_SEARCH_PATHS = (
					"$(inherited)",
					"@executable_path/Frameworks",
				);
				MARKETING_VERSION = 1.0;
				PRODUCT_BUNDLE_IDENTIFIER = "clc.character-select";
				PRODUCT_NAME = "$(TARGET_NAME)";
				SWIFT_EMIT_LOC_STRINGS = YES;
				SWIFT_VERSION = 5.0;
				TARGETED_DEVICE_FAMILY = "1,2";
			};
			name = Release;
		};
		DAE290B92A98EF2E004DDA9D /* Debug */ = {
			isa = XCBuildConfiguration;
			buildSettings = {
				ALWAYS_EMBED_SWIFT_STANDARD_LIBRARIES = YES;
				BUNDLE_LOADER = "$(TEST_HOST)";
				CODE_SIGN_STYLE = Automatic;
				CURRENT_PROJECT_VERSION = 1;
				GENERATE_INFOPLIST_FILE = YES;
				IPHONEOS_DEPLOYMENT_TARGET = 16.4;
				MARKETING_VERSION = 1.0;
				PRODUCT_BUNDLE_IDENTIFIER = "clc.character-selectTests";
				PRODUCT_NAME = "$(TARGET_NAME)";
				SWIFT_EMIT_LOC_STRINGS = NO;
				SWIFT_VERSION = 5.0;
				TARGETED_DEVICE_FAMILY = "1,2";
				TEST_HOST = "$(BUILT_PRODUCTS_DIR)/character select.app/$(BUNDLE_EXECUTABLE_FOLDER_PATH)/character select";
			};
			name = Debug;
		};
		DAE290BA2A98EF2E004DDA9D /* Release */ = {
			isa = XCBuildConfiguration;
			buildSettings = {
				ALWAYS_EMBED_SWIFT_STANDARD_LIBRARIES = YES;
				BUNDLE_LOADER = "$(TEST_HOST)";
				CODE_SIGN_STYLE = Automatic;
				CURRENT_PROJECT_VERSION = 1;
				GENERATE_INFOPLIST_FILE = YES;
				IPHONEOS_DEPLOYMENT_TARGET = 16.4;
				MARKETING_VERSION = 1.0;
				PRODUCT_BUNDLE_IDENTIFIER = "clc.character-selectTests";
				PRODUCT_NAME = "$(TARGET_NAME)";
				SWIFT_EMIT_LOC_STRINGS = NO;
				SWIFT_VERSION = 5.0;
				TARGETED_DEVICE_FAMILY = "1,2";
				TEST_HOST = "$(BUILT_PRODUCTS_DIR)/character select.app/$(BUNDLE_EXECUTABLE_FOLDER_PATH)/character select";
			};
			name = Release;
		};
		DAE290BC2A98EF2E004DDA9D /* Debug */ = {
			isa = XCBuildConfiguration;
			buildSettings = {
				ALWAYS_EMBED_SWIFT_STANDARD_LIBRARIES = YES;
				CODE_SIGN_STYLE = Automatic;
				CURRENT_PROJECT_VERSION = 1;
				GENERATE_INFOPLIST_FILE = YES;
				MARKETING_VERSION = 1.0;
				PRODUCT_BUNDLE_IDENTIFIER = "clc.character-selectUITests";
				PRODUCT_NAME = "$(TARGET_NAME)";
				SWIFT_EMIT_LOC_STRINGS = NO;
				SWIFT_VERSION = 5.0;
				TARGETED_DEVICE_FAMILY = "1,2";
				TEST_TARGET_NAME = "character select";
			};
			name = Debug;
		};
		DAE290BD2A98EF2E004DDA9D /* Release */ = {
			isa = XCBuildConfiguration;
			buildSettings = {
				ALWAYS_EMBED_SWIFT_STANDARD_LIBRARIES = YES;
				CODE_SIGN_STYLE = Automatic;
				CURRENT_PROJECT_VERSION = 1;
				GENERATE_INFOPLIST_FILE = YES;
				MARKETING_VERSION = 1.0;
				PRODUCT_BUNDLE_IDENTIFIER = "clc.character-selectUITests";
				PRODUCT_NAME = "$(TARGET_NAME)";
				SWIFT_EMIT_LOC_STRINGS = NO;
				SWIFT_VERSION = 5.0;
				TARGETED_DEVICE_FAMILY = "1,2";
				TEST_TARGET_NAME = "character select";
			};
			name = Release;
		};
/* End XCBuildConfiguration section */

/* Begin XCConfigurationList section */
		DAE290832A98EF2D004DDA9D /* Build configuration list for PBXProject "character select" */ = {
			isa = XCConfigurationList;
			buildConfigurations = (
				DAE290B32A98EF2E004DDA9D /* Debug */,
				DAE290B42A98EF2E004DDA9D /* Release */,
			);
			defaultConfigurationIsVisible = 0;
			defaultConfigurationName = Release;
		};
		DAE290B52A98EF2E004DDA9D /* Build configuration list for PBXNativeTarget "character select" */ = {
			isa = XCConfigurationList;
			buildConfigurations = (
				DAE290B62A98EF2E004DDA9D /* Debug */,
				DAE290B72A98EF2E004DDA9D /* Release */,
			);
			defaultConfigurationIsVisible = 0;
			defaultConfigurationName = Release;
		};
		DAE290B82A98EF2E004DDA9D /* Build configuration list for PBXNativeTarget "character selectTests" */ = {
			isa = XCConfigurationList;
			buildConfigurations = (
				DAE290B92A98EF2E004DDA9D /* Debug */,
				DAE290BA2A98EF2E004DDA9D /* Release */,
			);
			defaultConfigurationIsVisible = 0;
			defaultConfigurationName = Release;
		};
		DAE290BB2A98EF2E004DDA9D /* Build configuration list for PBXNativeTarget "character selectUITests" */ = {
			isa = XCConfigurationList;
			buildConfigurations = (
				DAE290BC2A98EF2E004DDA9D /* Debug */,
				DAE290BD2A98EF2E004DDA9D /* Release */,
			);
			defaultConfigurationIsVisible = 0;
			defaultConfigurationName = Release;
		};
/* End XCConfigurationList section */

/* Begin XCVersionGroup section */
		DAE290942A98EF2D004DDA9D /* character_select.xcdatamodeld */ = {
			isa = XCVersionGroup;
			children = (
				DAE290952A98EF2D004DDA9D /* character_select.xcdatamodel */,
			);
			currentVersion = DAE290952A98EF2D004DDA9D /* character_select.xcdatamodel */;
			path = character_select.xcdatamodeld;
			sourceTree = "<group>";
			versionGroupType = wrapper.xcdatamodel;
		};
/* End XCVersionGroup section */
	};
	rootObject = DAE290802A98EF2D004DDA9D /* Project object */;
}
